
Microsoft Visual Studio Solution File, Format Version 12.00
# Visual Studio Version 17
VisualStudioVersion = 17.5.33502.453
MinimumVisualStudioVersion = 10.0.40219.1
Project("{9A19103F-16F7-4668-BE54-9A1E7A4F7556}") = "FirstProject", "FirstProject\FirstProject.csproj", "{E7A96839-F327-4023-B752-16CC1F8DC445}"
EndProject
Project("{9A19103F-16F7-4668-BE54-9A1E7A4F7556}") = "Variables", "Variables\Variables.csproj", "{A17B904F-6156-4C1C-B592-EB2C808ADF6E}"
EndProject
Project("{9A19103F-16F7-4668-BE54-9A1E7A4F7556}") = "Methods", "Methods\Methods.csproj", "{83F17DA5-F1E1-4989-941B-10C1A01113B8}"
EndProject
Project("{9A19103F-16F7-4668-BE54-9A1E7A4F7556}") = "ConsoleApp1", "ConsoleApp1\ConsoleApp1.csproj", "{1995B733-CB64-4775-A7B9-A205F249FB4B}"
EndProject
Project("{9A19103F-16F7-4668-BE54-9A1E7A4F7556}") = "ClassObjectlnstance", "ClassObjectinstance\ClassObjectlnstance.csproj", "{C184CDD2-CE9E-4062-8278-394CF7AB08D8}"
EndProject
Project("{9A19103F-16F7-4668-BE54-9A1E7A4F7556}") = "만들어보기", "만들어보기\만들어보기.csproj", "{F865516A-D185-4A3A-86C6-E09D13979373}"
EndProject
Project("{9A19103F-16F7-4668-BE54-9A1E7A4F7556}") = "MyDynamicArray", "MyDynamicArray\MyDynamicArray.csproj", "{71A97B5B-648B-4B50-8C20-B64767D8ECA0}"
EndProject
Project("{FAE04EC0-301F-11D3-BF4B-00C04F79EFBC}") = "SortAlgorithms", "SortAlgorithms\SortAlgorithms.csproj", "{4B7766DA-CA93-45EF-B74B-AA41A519CC9B}"
EndProject
Global
	GlobalSection(SolutionConfigurationPlatforms) = preSolution
		Debug|Any CPU = Debug|Any CPU
		Release|Any CPU = Release|Any CPU
	EndGlobalSection
	GlobalSection(ProjectConfigurationPlatforms) = postSolution
		{E7A96839-F327-4023-B752-16CC1F8DC445}.Debug|Any CPU.ActiveCfg = Debug|Any CPU
		{E7A96839-F327-4023-B752-16CC1F8DC445}.Debug|Any CPU.Build.0 = Debug|Any CPU
		{E7A96839-F327-4023-B752-16CC1F8DC445}.Release|Any CPU.ActiveCfg = Release|Any CPU
		{E7A96839-F327-4023-B752-16CC1F8DC445}.Release|Any CPU.Build.0 = Release|Any CPU
		{A17B904F-6156-4C1C-B592-EB2C808ADF6E}.Debug|Any CPU.ActiveCfg = Debug|Any CPU
		{A17B904F-6156-4C1C-B592-EB2C808ADF6E}.Debug|Any CPU.Build.0 = Debug|Any CPU
		{A17B904F-6156-4C1C-B592-EB2C808ADF6E}.Release|Any CPU.ActiveCfg = Release|Any CPU
		{A17B904F-6156-4C1C-B592-EB2C808ADF6E}.Release|Any CPU.Build.0 = Release|Any CPU
		{83F17DA5-F1E1-4989-941B-10C1A01113B8}.Debug|Any CPU.ActiveCfg = Debug|Any CPU
		{83F17DA5-F1E1-4989-941B-10C1A01113B8}.Debug|Any CPU.Build.0 = Debug|Any CPU
		{83F17DA5-F1E1-4989-941B-10C1A01113B8}.Release|Any CPU.ActiveCfg = Release|Any CPU
		{83F17DA5-F1E1-4989-941B-10C1A01113B8}.Release|Any CPU.Build.0 = Release|Any CPU
		{1995B733-CB64-4775-A7B9-A205F249FB4B}.Debug|Any CPU.ActiveCfg = Debug|Any CPU
		{1995B733-CB64-4775-A7B9-A205F249FB4B}.Debug|Any CPU.Build.0 = Debug|Any CPU
		{1995B733-CB64-4775-A7B9-A205F249FB4B}.Release|Any CPU.ActiveCfg = Release|Any CPU
		{1995B733-CB64-4775-A7B9-A205F249FB4B}.Release|Any CPU.Build.0 = Release|Any CPU
		{C184CDD2-CE9E-4062-8278-394CF7AB08D8}.Debug|Any CPU.ActiveCfg = Debug|Any CPU
		{C184CDD2-CE9E-4062-8278-394CF7AB08D8}.Debug|Any CPU.Build.0 = Debug|Any CPU
		{C184CDD2-CE9E-4062-8278-394CF7AB08D8}.Release|Any CPU.ActiveCfg = Release|Any CPU
		{C184CDD2-CE9E-4062-8278-394CF7AB08D8}.Release|Any CPU.Build.0 = Release|Any CPU
		{F865516A-D185-4A3A-86C6-E09D13979373}.Debug|Any CPU.ActiveCfg = Debug|Any CPU
		{F865516A-D185-4A3A-86C6-E09D13979373}.Debug|Any CPU.Build.0 = Debug|Any CPU
		{F865516A-D185-4A3A-86C6-E09D13979373}.Release|Any CPU.ActiveCfg = Release|Any CPU
		{F865516A-D185-4A3A-86C6-E09D13979373}.Release|Any CPU.Build.0 = Release|Any CPU
		{71A97B5B-648B-4B50-8C20-B64767D8ECA0}.Debug|Any CPU.ActiveCfg = Debug|Any CPU
		{71A97B5B-648B-4B50-8C20-B64767D8ECA0}.Debug|Any CPU.Build.0 = Debug|Any CPU
		{71A97B5B-648B-4B50-8C20-B64767D8ECA0}.Release|Any CPU.ActiveCfg = Release|Any CPU
		{71A97B5B-648B-4B50-8C20-B64767D8ECA0}.Release|Any CPU.Build.0 = Release|Any CPU
		{4B7766DA-CA93-45EF-B74B-AA41A519CC9B}.Debug|Any CPU.ActiveCfg = Debug|Any CPU
		{4B7766DA-CA93-45EF-B74B-AA41A519CC9B}.Debug|Any CPU.Build.0 = Debug|Any CPU
		{4B7766DA-CA93-45EF-B74B-AA41A519CC9B}.Release|Any CPU.ActiveCfg = Release|Any CPU
		{4B7766DA-CA93-45EF-B74B-AA41A519CC9B}.Release|Any CPU.Build.0 = Release|Any CPU
	EndGlobalSection
	GlobalSection(SolutionProperties) = preSolution
		HideSolutionNode = FALSE
	EndGlobalSection
	GlobalSection(ExtensibilityGlobals) = postSolution
		SolutionGuid = {E0BD7D9D-7E0E-4DD2-82D2-4F703087495E}
	EndGlobalSection
EndGlobal
